
Microsoft Visual Studio Solution File, Format Version 12.00
Project("{FAE04EC0-301F-11D3-BF4B-00C04F79EFBC}") = "CsJava", "CsJava\CsJava.csproj", "{FBE6FB10-7D9A-4FDE-AB0E-3651254CEEC0}"
EndProject
Global
	GlobalSection(SolutionConfigurationPlatforms) = preSolution
		Debug|Any CPU = Debug|Any CPU
		Release|Any CPU = Release|Any CPU
	EndGlobalSection
	GlobalSection(ProjectConfigurationPlatforms) = postSolution
		{FBE6FB10-7D9A-4FDE-AB0E-3651254CEEC0}.Debug|Any CPU.ActiveCfg = Debug|Any CPU
		{FBE6FB10-7D9A-4FDE-AB0E-3651254CEEC0}.Debug|Any CPU.Build.0 = Debug|Any CPU
		{FBE6FB10-7D9A-4FDE-AB0E-3651254CEEC0}.Release|Any CPU.ActiveCfg = Release|Any CPU
		{FBE6FB10-7D9A-4FDE-AB0E-3651254CEEC0}.Release|Any CPU.Build.0 = Release|Any CPU
	EndGlobalSection
EndGlobal
